{
  "name": "ingenico",
  "version": "1.1.0",
  "lockfileVersion": 1,
  "requires": true,
  "dependencies": {
    "@angular/core": {
      "version": "7.2.8",
      "resolved": "https://registry.npmjs.org/@angular/core/-/core-7.2.8.tgz",
      "integrity": "sha512-QKwug2kWJC00zm2rvmD9mCJzsOkMVhSu8vqPWf83poWTh8+F9aIVWcy29W0VoGpBkSchOnK8hf9DnKVv28j9nw==",
      "dev": true,
      "requires": {
        "tslib": "^1.9.0"
      }
    },
    "@ionic-native/core": {
      "version": "5.2.0",
      "resolved": "https://registry.npmjs.org/@ionic-native/core/-/core-5.2.0.tgz",
      "integrity": "sha512-bVvYZsNTckoRW61QioGHTfp2v0FJcaJ7WhlnMrGgOj/ejBvSMPpfj1K/pws0TCUFnerWyLbSXgfGGYGoicLEOw==",
      "dev": true,
      "requires": {
        "@types/cordova": "^0.0.34"
      }
    },
    "@types/cordova": {
      "version": "0.0.34",
      "resolved": "https://registry.npmjs.org/@types/cordova/-/cordova-0.0.34.tgz",
      "integrity": "sha1-6nrd907Ow9dimCegw54smt3HPQQ=",
      "dev": true
    },
    "tslib": {
      "version": "1.9.3",
      "resolved": "https://registry.npmjs.org/tslib/-/tslib-1.9.3.tgz",
      "integrity": "sha512-4krF8scpejhaOgqzBEcGM7yDIEfi0/8+8zDRZhNZZ2kjmHJ4hv3zCbQWxoJGz1iw5U0Jl0nma13xzHXcncMavQ==",
      "dev": true
    }
  }
}
